
Microsoft Visual Studio Solution File, Format Version 12.00
# Visual Studio Version 17
VisualStudioVersion = 17.3.32811.315
MinimumVisualStudioVersion = 10.0.40219.1
Project("{8BC9CEB8-8B4A-11D0-8D11-00A0C91BC942}") = "ConsoleApplication1", "ConsoleApplication1\ConsoleApplication1.vcxproj", "{077585AB-DBAD-42CA-9B3F-D0E995E628B4}"
EndProject
Global
	GlobalSection(SolutionConfigurationPlatforms) = preSolution
		Debug|x64 = Debug|x64
		Debug|x86 = Debug|x86
		Release|x64 = Release|x64
		Release|x86 = Release|x86
	EndGlobalSection
	GlobalSection(ProjectConfigurationPlatforms) = postSolution
		{077585AB-DBAD-42CA-9B3F-D0E995E628B4}.Debug|x64.ActiveCfg = Debug|x64
		{077585AB-DBAD-42CA-9B3F-D0E995E628B4}.Debug|x64.Build.0 = Debug|x64
		{077585AB-DBAD-42CA-9B3F-D0E995E628B4}.Debug|x86.ActiveCfg = Debug|Win32
		{077585AB-DBAD-42CA-9B3F-D0E995E628B4}.Debug|x86.Build.0 = Debug|Win32
		{077585AB-DBAD-42CA-9B3F-D0E995E628B4}.Release|x64.ActiveCfg = Release|x64
		{077585AB-DBAD-42CA-9B3F-D0E995E628B4}.Release|x64.Build.0 = Release|x64
		{077585AB-DBAD-42CA-9B3F-D0E995E628B4}.Release|x86.ActiveCfg = Release|Win32
		{077585AB-DBAD-42CA-9B3F-D0E995E628B4}.Release|x86.Build.0 = Release|Win32
	EndGlobalSection
	GlobalSection(SolutionProperties) = preSolution
		HideSolutionNode = FALSE
	EndGlobalSection
	GlobalSection(ExtensibilityGlobals) = postSolution
		SolutionGuid = {F00FAD6A-F096-4D35-8954-B6CF7DA899F6}
	EndGlobalSection
EndGlobal
